[[package]]
name = "boto3"
version = "1.17.102"
description = "The AWS SDK for Python"
category = "main"
optional = false
python-versions = ">= 2.7, !=3.0.*, !=3.1.*, !=3.2.*, !=3.3.*, !=3.4.*, !=3.5.*"

[package.dependencies]
botocore = ">=1.20.102,<1.21.0"
jmespath = ">=0.7.1,<1.0.0"
s3transfer = ">=0.4.0,<0.5.0"

[[package]]
name = "botocore"
version = "1.20.102"
description = "Low-level, data-driven core of boto 3."
category = "main"
optional = false
python-versions = ">= 2.7, !=3.0.*, !=3.1.*, !=3.2.*, !=3.3.*, !=3.4.*, !=3.5.*"

[package.dependencies]
jmespath = ">=0.7.1,<1.0.0"
python-dateutil = ">=2.1,<3.0.0"
urllib3 = ">=1.25.4,<1.27"

[package.extras]
crt = ["awscrt (==0.11.24)"]

[[package]]
name = "jmespath"
version = "0.10.0"
description = "JSON Matching Expressions"
category = "main"
optional = false
python-versions = ">=2.6, !=3.0.*, !=3.1.*, !=3.2.*"

[[package]]
name = "python-dateutil"
version = "2.8.1"
description = "Extensions to the standard Python datetime module"
category = "main"
optional = false
python-versions = "!=3.0.*,!=3.1.*,!=3.2.*,>=2.7"

[package.dependencies]
six = ">=1.5"

[[package]]
name = "s3transfer"
version = "0.4.2"
description = "An Amazon S3 Transfer Manager"
category = "main"
optional = false
python-versions = "*"

[package.dependencies]
botocore = ">=1.12.36,<2.0a.0"

[package.extras]
crt = ["botocore[crt] (>=1.20.29,<2.0a.0)"]

[[package]]
name = "six"
version = "1.16.0"
description = "Python 2 and 3 compatibility utilities"
category = "main"
optional = false
python-versions = ">=2.7, !=3.0.*, !=3.1.*, !=3.2.*"

[[package]]
name = "urllib3"
version = "1.26.6"
description = "HTTP library with thread-safe connection pooling, file post, and more."
category = "main"
optional = false
python-versions = ">=2.7, !=3.0.*, !=3.1.*, !=3.2.*, !=3.3.*, !=3.4.*, <4"

[package.extras]
brotli = ["brotlipy (>=0.6.0)"]
secure = ["pyOpenSSL (>=0.14)", "cryptography (>=1.3.4)", "idna (>=2.0.0)", "certifi", "ipaddress"]
socks = ["PySocks (>=1.5.6,!=1.5.7,<2.0)"]

[metadata]
lock-version = "1.1"
python-versions = "^3.8"
content-hash = "0dc48b503165e2bbcea5afda551ee40fbaaa7dc0b646bb421b9634e0559d2165"

[metadata.files]
boto3 = [
    {file = "boto3-1.17.102-py2.py3-none-any.whl", hash = "sha256:6300e9ee9a404038113250bd218e2c4827f5e676efb14e77de2ad2dcb67679bc"},
    {file = "boto3-1.17.102.tar.gz", hash = "sha256:be4714f0475c1f5183eea09ddbf568ced6fa41b0fc9976f2698b8442e1b17303"},
]
botocore = [
    {file = "botocore-1.20.102-py2.py3-none-any.whl", hash = "sha256:bdf08a4f7f01ead00d386848f089c08270499711447569c18d0db60023619c06"},
    {file = "botocore-1.20.102.tar.gz", hash = "sha256:2f57f7ceed1598d96cc497aeb45317db5d3b21a5aafea4732d0e561d0fc2a8fa"},
]
jmespath = [
    {file = "jmespath-0.10.0-py2.py3-none-any.whl", hash = "sha256:cdf6525904cc597730141d61b36f2e4b8ecc257c420fa2f4549bac2c2d0cb72f"},
    {file = "jmespath-0.10.0.tar.gz", hash = "sha256:b85d0567b8666149a93172712e68920734333c0ce7e89b78b3e987f71e5ed4f9"},
]
python-dateutil = [
    {file = "python-dateutil-2.8.1.tar.gz", hash = "sha256:73ebfe9dbf22e832286dafa60473e4cd239f8592f699aa5adaf10050e6e1823c"},
    {file = "python_dateutil-2.8.1-py2.py3-none-any.whl", hash = "sha256:75bb3f31ea686f1197762692a9ee6a7550b59fc6ca3a1f4b5d7e32fb98e2da2a"},
]
s3transfer = [
    {file = "s3transfer-0.4.2-py2.py3-none-any.whl", hash = "sha256:9b3752887a2880690ce628bc263d6d13a3864083aeacff4890c1c9839a5eb0bc"},
    {file = "s3transfer-0.4.2.tar.gz", hash = "sha256:cb022f4b16551edebbb31a377d3f09600dbada7363d8c5db7976e7f47732e1b2"},
]
six = [
    {file = "six-1.16.0-py2.py3-none-any.whl", hash = "sha256:8abb2f1d86890a2dfb989f9a77cfcfd3e47c2a354b01111771326f8aa26e0254"},
    {file = "six-1.16.0.tar.gz", hash = "sha256:1e61c37477a1626458e36f7b1d82aa5c9b094fa4802892072e49de9c60c4c926"},
]
urllib3 = [
    {file = "urllib3-1.26.6-py2.py3-none-any.whl", hash = "sha256:39fb8672126159acb139a7718dd10806104dec1e2f0f6c88aab05d17df10c8d4"},
    {file = "urllib3-1.26.6.tar.gz", hash = "sha256:f57b4c16c62fa2760b7e3d97c35b255512fb6b59a259730f36ba32ce9f8e342f"},
]
